// !$*UTF8*$!
{
	archiveVersion = 1;
	classes = {
	};
	objectVersion = 46;
	objects = {

/* Begin PBXBuildFile section */
		AF57DDE319189C2800674CD5 /* NSDate+Utils.m in Sources */ = {isa = PBXBuildFile; fileRef = AF57DDE219189C2800674CD5 /* NSDate+Utils.m */; };
		AF57DDE71918A9A400674CD5 /* GameKit.framework in Frameworks */ = {isa = PBXBuildFile; fileRef = AF57DDE61918A9A400674CD5 /* GameKit.framework */; };
		AF6743751976018B00723B27 /* iAd.framework in Frameworks */ = {isa = PBXBuildFile; fileRef = AF6743741976018B00723B27 /* iAd.framework */; };
		AF6743AF1976074400723B27 /* AdSupport.framework in Frameworks */ = {isa = PBXBuildFile; fileRef = AF6743AE1976074400723B27 /* AdSupport.framework */; };
		AF6743B11976074F00723B27 /* AVFoundation.framework in Frameworks */ = {isa = PBXBuildFile; fileRef = AF6743B01976074F00723B27 /* AVFoundation.framework */; };
		AF6743B31976075A00723B27 /* CoreTelephony.framework in Frameworks */ = {isa = PBXBuildFile; fileRef = AF6743B21976075A00723B27 /* CoreTelephony.framework */; };
		AF6743B51976076200723B27 /* MessageUI.framework in Frameworks */ = {isa = PBXBuildFile; fileRef = AF6743B41976076200723B27 /* MessageUI.framework */; };
		AF7E0996191A047F00E0D808 /* UIColor+Extensions.m in Sources */ = {isa = PBXBuildFile; fileRef = AF7E0995191A047F00E0D808 /* UIColor+Extensions.m */; };
		AF91969E191EC9CF007C71F6 /* ThirtyGameScene.m in Sources */ = {isa = PBXBuildFile; fileRef = AF91969D191EC9CF007C71F6 /* ThirtyGameScene.m */; };
		AF91F4DD19208F5400462855 /* Parse.framework in Frameworks */ = {isa = PBXBuildFile; fileRef = AF91F4DC19208F5400462855 /* Parse.framework */; };
		AF91F4DF19208F7200462855 /* CFNetwork.framework in Frameworks */ = {isa = PBXBuildFile; fileRef = AF91F4DE19208F7200462855 /* CFNetwork.framework */; };
		AF91F4E119208F7F00462855 /* CoreLocation.framework in Frameworks */ = {isa = PBXBuildFile; fileRef = AF91F4E019208F7F00462855 /* CoreLocation.framework */; };
		AF91F4E319208F9800462855 /* libz.dylib in Frameworks */ = {isa = PBXBuildFile; fileRef = AF91F4E219208F9800462855 /* libz.dylib */; };
		AF91F4E519208FA400462855 /* MobileCoreServices.framework in Frameworks */ = {isa = PBXBuildFile; fileRef = AF91F4E419208FA400462855 /* MobileCoreServices.framework */; };
		AF91F4E719208FBD00462855 /* StoreKit.framework in Frameworks */ = {isa = PBXBuildFile; fileRef = AF91F4E619208FBD00462855 /* StoreKit.framework */; };
		AF91F4EA1920941A00462855 /* XCDataModel.xcdatamodeld in Sources */ = {isa = PBXBuildFile; fileRef = AF91F4E81920941A00462855 /* XCDataModel.xcdatamodeld */; };
		AF91F4EE192094E100462855 /* User.m in Sources */ = {isa = PBXBuildFile; fileRef = AF91F4ED192094E100462855 /* User.m */; };
		AF91F4F11920950000462855 /* User+Utils.m in Sources */ = {isa = PBXBuildFile; fileRef = AF91F4F01920950000462855 /* User+Utils.m */; };
		AF91F4F41920951900462855 /* DataManager.m in Sources */ = {isa = PBXBuildFile; fileRef = AF91F4F31920951900462855 /* DataManager.m */; };
		AFAAF5ED191ADEB100ABAB07 /* AudioToolbox.framework in Frameworks */ = {isa = PBXBuildFile; fileRef = AFAAF5EC191ADEB100ABAB07 /* AudioToolbox.framework */; };
		AFB6E31C19219838008EE801 /* easing.c in Sources */ = {isa = PBXBuildFile; fileRef = AFB6E31619219838008EE801 /* easing.c */; };
		AFB6E31D19219838008EE801 /* SKEase.m in Sources */ = {isa = PBXBuildFile; fileRef = AFB6E31A19219838008EE801 /* SKEase.m */; };
		AFB6E3201921E4C5008EE801 /* ThirtyScoreNode.m in Sources */ = {isa = PBXBuildFile; fileRef = AFB6E31F1921E4C5008EE801 /* ThirtyScoreNode.m */; };
		AFB6E3231921E4CE008EE801 /* InfinityScoreNode.m in Sources */ = {isa = PBXBuildFile; fileRef = AFB6E3221921E4CE008EE801 /* InfinityScoreNode.m */; };
		AFC439DF19170CD100726778 /* Foundation.framework in Frameworks */ = {isa = PBXBuildFile; fileRef = AFC439DE19170CD100726778 /* Foundation.framework */; };
		AFC439E119170CD100726778 /* CoreGraphics.framework in Frameworks */ = {isa = PBXBuildFile; fileRef = AFC439E019170CD100726778 /* CoreGraphics.framework */; };
		AFC439E319170CD100726778 /* UIKit.framework in Frameworks */ = {isa = PBXBuildFile; fileRef = AFC439E219170CD100726778 /* UIKit.framework */; };
		AFC439E519170CD100726778 /* SpriteKit.framework in Frameworks */ = {isa = PBXBuildFile; fileRef = AFC439E419170CD100726778 /* SpriteKit.framework */; };
		AFC439EB19170CD100726778 /* InfoPlist.strings in Resources */ = {isa = PBXBuildFile; fileRef = AFC439E919170CD100726778 /* InfoPlist.strings */; };
		AFC439ED19170CD100726778 /* main.m in Sources */ = {isa = PBXBuildFile; fileRef = AFC439EC19170CD100726778 /* main.m */; };
		AFC439F119170CD100726778 /* AppDelegate.m in Sources */ = {isa = PBXBuildFile; fileRef = AFC439F019170CD100726778 /* AppDelegate.m */; };
		AFC439F419170CD100726778 /* Main.storyboard in Resources */ = {isa = PBXBuildFile; fileRef = AFC439F219170CD100726778 /* Main.storyboard */; };
		AFC439FE19170CD100726778 /* Images.xcassets in Resources */ = {isa = PBXBuildFile; fileRef = AFC439FD19170CD100726778 /* Images.xcassets */; };
		AFC43A0519170CD100726778 /* XCTest.framework in Frameworks */ = {isa = PBXBuildFile; fileRef = AFC43A0419170CD100726778 /* XCTest.framework */; };
		AFC43A0619170CD100726778 /* Foundation.framework in Frameworks */ = {isa = PBXBuildFile; fileRef = AFC439DE19170CD100726778 /* Foundation.framework */; };
		AFC43A0719170CD100726778 /* UIKit.framework in Frameworks */ = {isa = PBXBuildFile; fileRef = AFC439E219170CD100726778 /* UIKit.framework */; };
		AFC43A0F19170CD100726778 /* InfoPlist.strings in Resources */ = {isa = PBXBuildFile; fileRef = AFC43A0D19170CD100726778 /* InfoPlist.strings */; };
		AFC43A1119170CD100726778 /* GasGuzzlerTests.m in Sources */ = {isa = PBXBuildFile; fileRef = AFC43A1019170CD100726778 /* GasGuzzlerTests.m */; };
		AFC43A1D19170ED500726778 /* calculator.ttf in Resources */ = {isa = PBXBuildFile; fileRef = AFC43A1C19170ED500726778 /* calculator.ttf */; };
		AFF7705319183551004E4AE5 /* american_captain.ttf in Resources */ = {isa = PBXBuildFile; fileRef = AFF7705219183551004E4AE5 /* american_captain.ttf */; };
		AFF7705619183602004E4AE5 /* MenuScene.m in Sources */ = {isa = PBXBuildFile; fileRef = AFF7705519183602004E4AE5 /* MenuScene.m */; };
		AFF77059191837C1004E4AE5 /* SKLabelButton.m in Sources */ = {isa = PBXBuildFile; fileRef = AFF77058191837C1004E4AE5 /* SKLabelButton.m */; };
		AFF7705C19183DFC004E4AE5 /* RootViewController.m in Sources */ = {isa = PBXBuildFile; fileRef = AFF7705B19183DFC004E4AE5 /* RootViewController.m */; };
		AFF7706219184B81004E4AE5 /* SKSpriteButton.m in Sources */ = {isa = PBXBuildFile; fileRef = AFF7706119184B81004E4AE5 /* SKSpriteButton.m */; };
		AFF7B2D31918B97200B8085C /* HockeySDK.framework in Frameworks */ = {isa = PBXBuildFile; fileRef = AFF7B2CF1918B97200B8085C /* HockeySDK.framework */; };
		AFF7B2D41918B97200B8085C /* HockeySDK.xcconfig in Resources */ = {isa = PBXBuildFile; fileRef = AFF7B2D11918B97200B8085C /* HockeySDK.xcconfig */; };
		AFF7B2D51918B97200B8085C /* HockeySDKResources.bundle in Resources */ = {isa = PBXBuildFile; fileRef = AFF7B2D21918B97200B8085C /* HockeySDKResources.bundle */; };
		AFF7B2D71918B98300B8085C /* CoreText.framework in Frameworks */ = {isa = PBXBuildFile; fileRef = AFF7B2D61918B98300B8085C /* CoreText.framework */; };
		AFF7B2D91918B98800B8085C /* QuartzCore.framework in Frameworks */ = {isa = PBXBuildFile; fileRef = AFF7B2D81918B98800B8085C /* QuartzCore.framework */; };
		AFF7B2DB1918B98D00B8085C /* Security.framework in Frameworks */ = {isa = PBXBuildFile; fileRef = AFF7B2DA1918B98D00B8085C /* Security.framework */; };
		AFF7B2DD1918B99200B8085C /* SystemConfiguration.framework in Frameworks */ = {isa = PBXBuildFile; fileRef = AFF7B2DC1918B99200B8085C /* SystemConfiguration.framework */; };
		AFF7B2E01918C75700B8085C /* InfinityGameScene.m in Sources */ = {isa = PBXBuildFile; fileRef = AFF7B2DF1918C75700B8085C /* InfinityGameScene.m */; };
/* End PBXBuildFile section */

/* Begin PBXContainerItemProxy section */
		AFC43A0819170CD100726778 /* PBXContainerItemProxy */ = {
			isa = PBXContainerItemProxy;
			containerPortal = AFC439D319170CD100726778 /* Project object */;
			proxyType = 1;
			remoteGlobalIDString = AFC439DA19170CD100726778;
			remoteInfo = GasGuzzler;
		};
/* End PBXContainerItemProxy section */

/* Begin PBXFileReference section */
		AF57DDE119189C2800674CD5 /* NSDate+Utils.h */ = {isa = PBXFileReference; fileEncoding = 4; lastKnownFileType = sourcecode.c.h; path = "NSDate+Utils.h"; sourceTree = "<group>"; };
		AF57DDE219189C2800674CD5 /* NSDate+Utils.m */ = {isa = PBXFileReference; fileEncoding = 4; lastKnownFileType = sourcecode.c.objc; path = "NSDate+Utils.m"; sourceTree = "<group>"; };
		AF57DDE61918A9A400674CD5 /* GameKit.framework */ = {isa = PBXFileReference; lastKnownFileType = wrapper.framework; name = GameKit.framework; path = System/Library/Frameworks/GameKit.framework; sourceTree = SDKROOT; };
		AF6743741976018B00723B27 /* iAd.framework */ = {isa = PBXFileReference; lastKnownFileType = wrapper.framework; name = iAd.framework; path = System/Library/Frameworks/iAd.framework; sourceTree = SDKROOT; };
		AF6743AE1976074400723B27 /* AdSupport.framework */ = {isa = PBXFileReference; lastKnownFileType = wrapper.framework; name = AdSupport.framework; path = System/Library/Frameworks/AdSupport.framework; sourceTree = SDKROOT; };
		AF6743B01976074F00723B27 /* AVFoundation.framework */ = {isa = PBXFileReference; lastKnownFileType = wrapper.framework; name = AVFoundation.framework; path = System/Library/Frameworks/AVFoundation.framework; sourceTree = SDKROOT; };
		AF6743B21976075A00723B27 /* CoreTelephony.framework */ = {isa = PBXFileReference; lastKnownFileType = wrapper.framework; name = CoreTelephony.framework; path = System/Library/Frameworks/CoreTelephony.framework; sourceTree = SDKROOT; };
		AF6743B41976076200723B27 /* MessageUI.framework */ = {isa = PBXFileReference; lastKnownFileType = wrapper.framework; name = MessageUI.framework; path = System/Library/Frameworks/MessageUI.framework; sourceTree = SDKROOT; };
		AF7E0994191A047F00E0D808 /* UIColor+Extensions.h */ = {isa = PBXFileReference; fileEncoding = 4; lastKnownFileType = sourcecode.c.h; path = "UIColor+Extensions.h"; sourceTree = "<group>"; };
		AF7E0995191A047F00E0D808 /* UIColor+Extensions.m */ = {isa = PBXFileReference; fileEncoding = 4; lastKnownFileType = sourcecode.c.objc; path = "UIColor+Extensions.m"; sourceTree = "<group>"; };
		AF91969C191EC9CF007C71F6 /* ThirtyGameScene.h */ = {isa = PBXFileReference; fileEncoding = 4; lastKnownFileType = sourcecode.c.h; path = ThirtyGameScene.h; sourceTree = "<group>"; };
		AF91969D191EC9CF007C71F6 /* ThirtyGameScene.m */ = {isa = PBXFileReference; fileEncoding = 4; lastKnownFileType = sourcecode.c.objc; path = ThirtyGameScene.m; sourceTree = "<group>"; };
		AF91F4DC19208F5400462855 /* Parse.framework */ = {isa = PBXFileReference; lastKnownFileType = wrapper.framework; path = Parse.framework; sourceTree = "<group>"; };
		AF91F4DE19208F7200462855 /* CFNetwork.framework */ = {isa = PBXFileReference; lastKnownFileType = wrapper.framework; name = CFNetwork.framework; path = System/Library/Frameworks/CFNetwork.framework; sourceTree = SDKROOT; };
		AF91F4E019208F7F00462855 /* CoreLocation.framework */ = {isa = PBXFileReference; lastKnownFileType = wrapper.framework; name = CoreLocation.framework; path = System/Library/Frameworks/CoreLocation.framework; sourceTree = SDKROOT; };
		AF91F4E219208F9800462855 /* libz.dylib */ = {isa = PBXFileReference; lastKnownFileType = "compiled.mach-o.dylib"; name = libz.dylib; path = usr/lib/libz.dylib; sourceTree = SDKROOT; };
		AF91F4E419208FA400462855 /* MobileCoreServices.framework */ = {isa = PBXFileReference; lastKnownFileType = wrapper.framework; name = MobileCoreServices.framework; path = System/Library/Frameworks/MobileCoreServices.framework; sourceTree = SDKROOT; };
		AF91F4E619208FBD00462855 /* StoreKit.framework */ = {isa = PBXFileReference; lastKnownFileType = wrapper.framework; name = StoreKit.framework; path = System/Library/Frameworks/StoreKit.framework; sourceTree = SDKROOT; };
		AF91F4E91920941A00462855 /* XCDataModel.xcdatamodel */ = {isa = PBXFileReference; lastKnownFileType = wrapper.xcdatamodel; path = XCDataModel.xcdatamodel; sourceTree = "<group>"; };
		AF91F4EC192094E100462855 /* User.h */ = {isa = PBXFileReference; fileEncoding = 4; lastKnownFileType = sourcecode.c.h; path = User.h; sourceTree = "<group>"; };
		AF91F4ED192094E100462855 /* User.m */ = {isa = PBXFileReference; fileEncoding = 4; lastKnownFileType = sourcecode.c.objc; path = User.m; sourceTree = "<group>"; };
		AF91F4EF1920950000462855 /* User+Utils.h */ = {isa = PBXFileReference; fileEncoding = 4; lastKnownFileType = sourcecode.c.h; path = "User+Utils.h"; sourceTree = "<group>"; };
		AF91F4F01920950000462855 /* User+Utils.m */ = {isa = PBXFileReference; fileEncoding = 4; lastKnownFileType = sourcecode.c.objc; path = "User+Utils.m"; sourceTree = "<group>"; };
		AF91F4F21920951900462855 /* DataManager.h */ = {isa = PBXFileReference; fileEncoding = 4; lastKnownFileType = sourcecode.c.h; path = DataManager.h; sourceTree = "<group>"; };
		AF91F4F31920951900462855 /* DataManager.m */ = {isa = PBXFileReference; fileEncoding = 4; lastKnownFileType = sourcecode.c.objc; path = DataManager.m; sourceTree = "<group>"; };
		AFAAF5EC191ADEB100ABAB07 /* AudioToolbox.framework */ = {isa = PBXFileReference; lastKnownFileType = wrapper.framework; name = AudioToolbox.framework; path = System/Library/Frameworks/AudioToolbox.framework; sourceTree = SDKROOT; };
		AFB6E31619219838008EE801 /* easing.c */ = {isa = PBXFileReference; fileEncoding = 4; lastKnownFileType = sourcecode.c.c; path = easing.c; sourceTree = "<group>"; };
		AFB6E31719219838008EE801 /* easing.h */ = {isa = PBXFileReference; fileEncoding = 4; lastKnownFileType = sourcecode.c.h; path = easing.h; sourceTree = "<group>"; };
		AFB6E31819219838008EE801 /* EasingDeclarations.h */ = {isa = PBXFileReference; fileEncoding = 4; lastKnownFileType = sourcecode.c.h; path = EasingDeclarations.h; sourceTree = "<group>"; };
		AFB6E31919219838008EE801 /* SKEase.h */ = {isa = PBXFileReference; fileEncoding = 4; lastKnownFileType = sourcecode.c.h; path = SKEase.h; sourceTree = "<group>"; };
		AFB6E31A19219838008EE801 /* SKEase.m */ = {isa = PBXFileReference; fileEncoding = 4; lastKnownFileType = sourcecode.c.objc; path = SKEase.m; sourceTree = "<group>"; };
		AFB6E31B19219838008EE801 /* SpriteKit-Easing-Prefix.pch */ = {isa = PBXFileReference; fileEncoding = 4; lastKnownFileType = sourcecode.c.h; path = "SpriteKit-Easing-Prefix.pch"; sourceTree = "<group>"; };
		AFB6E31E1921E4C5008EE801 /* ThirtyScoreNode.h */ = {isa = PBXFileReference; fileEncoding = 4; lastKnownFileType = sourcecode.c.h; path = ThirtyScoreNode.h; sourceTree = "<group>"; };
		AFB6E31F1921E4C5008EE801 /* ThirtyScoreNode.m */ = {isa = PBXFileReference; fileEncoding = 4; lastKnownFileType = sourcecode.c.objc; path = ThirtyScoreNode.m; sourceTree = "<group>"; };
		AFB6E3211921E4CE008EE801 /* InfinityScoreNode.h */ = {isa = PBXFileReference; fileEncoding = 4; lastKnownFileType = sourcecode.c.h; path = InfinityScoreNode.h; sourceTree = "<group>"; };
		AFB6E3221921E4CE008EE801 /* InfinityScoreNode.m */ = {isa = PBXFileReference; fileEncoding = 4; lastKnownFileType = sourcecode.c.objc; path = InfinityScoreNode.m; sourceTree = "<group>"; };
		AFC439DB19170CD100726778 /* GasGuzzler.app */ = {isa = PBXFileReference; explicitFileType = wrapper.application; includeInIndex = 0; path = GasGuzzler.app; sourceTree = BUILT_PRODUCTS_DIR; };
		AFC439DE19170CD100726778 /* Foundation.framework */ = {isa = PBXFileReference; lastKnownFileType = wrapper.framework; name = Foundation.framework; path = System/Library/Frameworks/Foundation.framework; sourceTree = SDKROOT; };
		AFC439E019170CD100726778 /* CoreGraphics.framework */ = {isa = PBXFileReference; lastKnownFileType = wrapper.framework; name = CoreGraphics.framework; path = System/Library/Frameworks/CoreGraphics.framework; sourceTree = SDKROOT; };
		AFC439E219170CD100726778 /* UIKit.framework */ = {isa = PBXFileReference; lastKnownFileType = wrapper.framework; name = UIKit.framework; path = System/Library/Frameworks/UIKit.framework; sourceTree = SDKROOT; };
		AFC439E419170CD100726778 /* SpriteKit.framework */ = {isa = PBXFileReference; lastKnownFileType = wrapper.framework; name = SpriteKit.framework; path = System/Library/Frameworks/SpriteKit.framework; sourceTree = SDKROOT; };
		AFC439E819170CD100726778 /* GasGuzzler-Info.plist */ = {isa = PBXFileReference; lastKnownFileType = text.plist.xml; path = "GasGuzzler-Info.plist"; sourceTree = "<group>"; };
		AFC439EA19170CD100726778 /* en */ = {isa = PBXFileReference; lastKnownFileType = text.plist.strings; name = en; path = en.lproj/InfoPlist.strings; sourceTree = "<group>"; };
		AFC439EC19170CD100726778 /* main.m */ = {isa = PBXFileReference; lastKnownFileType = sourcecode.c.objc; path = main.m; sourceTree = "<group>"; };
		AFC439EE19170CD100726778 /* GasGuzzler-Prefix.pch */ = {isa = PBXFileReference; lastKnownFileType = sourcecode.c.h; path = "GasGuzzler-Prefix.pch"; sourceTree = "<group>"; };
		AFC439EF19170CD100726778 /* AppDelegate.h */ = {isa = PBXFileReference; lastKnownFileType = sourcecode.c.h; path = AppDelegate.h; sourceTree = "<group>"; };
		AFC439F019170CD100726778 /* AppDelegate.m */ = {isa = PBXFileReference; lastKnownFileType = sourcecode.c.objc; path = AppDelegate.m; sourceTree = "<group>"; };
		AFC439F319170CD100726778 /* Base */ = {isa = PBXFileReference; lastKnownFileType = file.storyboard; name = Base; path = Base.lproj/Main.storyboard; sourceTree = "<group>"; };
		AFC439FD19170CD100726778 /* Images.xcassets */ = {isa = PBXFileReference; lastKnownFileType = folder.assetcatalog; path = Images.xcassets; sourceTree = "<group>"; };
		AFC43A0319170CD100726778 /* GasGuzzlerTests.xctest */ = {isa = PBXFileReference; explicitFileType = wrapper.cfbundle; includeInIndex = 0; path = GasGuzzlerTests.xctest; sourceTree = BUILT_PRODUCTS_DIR; };
		AFC43A0419170CD100726778 /* XCTest.framework */ = {isa = PBXFileReference; lastKnownFileType = wrapper.framework; name = XCTest.framework; path = Library/Frameworks/XCTest.framework; sourceTree = DEVELOPER_DIR; };
		AFC43A0C19170CD100726778 /* GasGuzzlerTests-Info.plist */ = {isa = PBXFileReference; lastKnownFileType = text.plist.xml; path = "GasGuzzlerTests-Info.plist"; sourceTree = "<group>"; };
		AFC43A0E19170CD100726778 /* en */ = {isa = PBXFileReference; lastKnownFileType = text.plist.strings; name = en; path = en.lproj/InfoPlist.strings; sourceTree = "<group>"; };
		AFC43A1019170CD100726778 /* GasGuzzlerTests.m */ = {isa = PBXFileReference; lastKnownFileType = sourcecode.c.objc; path = GasGuzzlerTests.m; sourceTree = "<group>"; };
		AFC43A1C19170ED500726778 /* calculator.ttf */ = {isa = PBXFileReference; lastKnownFileType = file; path = calculator.ttf; sourceTree = "<group>"; };
		AFF7705219183551004E4AE5 /* american_captain.ttf */ = {isa = PBXFileReference; lastKnownFileType = file; path = american_captain.ttf; sourceTree = "<group>"; };
		AFF7705419183602004E4AE5 /* MenuScene.h */ = {isa = PBXFileReference; fileEncoding = 4; lastKnownFileType = sourcecode.c.h; path = MenuScene.h; sourceTree = "<group>"; };
		AFF7705519183602004E4AE5 /* MenuScene.m */ = {isa = PBXFileReference; fileEncoding = 4; lastKnownFileType = sourcecode.c.objc; path = MenuScene.m; sourceTree = "<group>"; };
		AFF77057191837C1004E4AE5 /* SKLabelButton.h */ = {isa = PBXFileReference; fileEncoding = 4; lastKnownFileType = sourcecode.c.h; path = SKLabelButton.h; sourceTree = "<group>"; };
		AFF77058191837C1004E4AE5 /* SKLabelButton.m */ = {isa = PBXFileReference; fileEncoding = 4; lastKnownFileType = sourcecode.c.objc; path = SKLabelButton.m; sourceTree = "<group>"; };
		AFF7705A19183DFC004E4AE5 /* RootViewController.h */ = {isa = PBXFileReference; fileEncoding = 4; lastKnownFileType = sourcecode.c.h; path = RootViewController.h; sourceTree = "<group>"; };
		AFF7705B19183DFC004E4AE5 /* RootViewController.m */ = {isa = PBXFileReference; fileEncoding = 4; lastKnownFileType = sourcecode.c.objc; path = RootViewController.m; sourceTree = "<group>"; };
		AFF7706019184B81004E4AE5 /* SKSpriteButton.h */ = {isa = PBXFileReference; fileEncoding = 4; lastKnownFileType = sourcecode.c.h; path = SKSpriteButton.h; sourceTree = "<group>"; };
		AFF7706119184B81004E4AE5 /* SKSpriteButton.m */ = {isa = PBXFileReference; fileEncoding = 4; lastKnownFileType = sourcecode.c.objc; path = SKSpriteButton.m; sourceTree = "<group>"; };
		AFF7B2CF1918B97200B8085C /* HockeySDK.framework */ = {isa = PBXFileReference; lastKnownFileType = wrapper.framework; path = HockeySDK.framework; sourceTree = "<group>"; };
		AFF7B2D11918B97200B8085C /* HockeySDK.xcconfig */ = {isa = PBXFileReference; fileEncoding = 4; lastKnownFileType = text.xcconfig; path = HockeySDK.xcconfig; sourceTree = "<group>"; };
		AFF7B2D21918B97200B8085C /* HockeySDKResources.bundle */ = {isa = PBXFileReference; lastKnownFileType = "wrapper.plug-in"; path = HockeySDKResources.bundle; sourceTree = "<group>"; };
		AFF7B2D61918B98300B8085C /* CoreText.framework */ = {isa = PBXFileReference; lastKnownFileType = wrapper.framework; name = CoreText.framework; path = System/Library/Frameworks/CoreText.framework; sourceTree = SDKROOT; };
		AFF7B2D81918B98800B8085C /* QuartzCore.framework */ = {isa = PBXFileReference; lastKnownFileType = wrapper.framework; name = QuartzCore.framework; path = System/Library/Frameworks/QuartzCore.framework; sourceTree = SDKROOT; };
		AFF7B2DA1918B98D00B8085C /* Security.framework */ = {isa = PBXFileReference; lastKnownFileType = wrapper.framework; name = Security.framework; path = System/Library/Frameworks/Security.framework; sourceTree = SDKROOT; };
		AFF7B2DC1918B99200B8085C /* SystemConfiguration.framework */ = {isa = PBXFileReference; lastKnownFileType = wrapper.framework; name = SystemConfiguration.framework; path = System/Library/Frameworks/SystemConfiguration.framework; sourceTree = SDKROOT; };
		AFF7B2DE1918C75700B8085C /* InfinityGameScene.h */ = {isa = PBXFileReference; fileEncoding = 4; lastKnownFileType = sourcecode.c.h; path = InfinityGameScene.h; sourceTree = "<group>"; };
		AFF7B2DF1918C75700B8085C /* InfinityGameScene.m */ = {isa = PBXFileReference; fileEncoding = 4; lastKnownFileType = sourcecode.c.objc; path = InfinityGameScene.m; sourceTree = "<group>"; };
/* End PBXFileReference section */

/* Begin PBXFrameworksBuildPhase section */
		AFC439D819170CD100726778 /* Frameworks */ = {
			isa = PBXFrameworksBuildPhase;
			buildActionMask = 2147483647;
			files = (
				AFF7B2DD1918B99200B8085C /* SystemConfiguration.framework in Frameworks */,
				AF6743B51976076200723B27 /* MessageUI.framework in Frameworks */,
				AF6743B31976075A00723B27 /* CoreTelephony.framework in Frameworks */,
				AF6743B11976074F00723B27 /* AVFoundation.framework in Frameworks */,
				AF6743AF1976074400723B27 /* AdSupport.framework in Frameworks */,
				AF6743751976018B00723B27 /* iAd.framework in Frameworks */,
				AF91F4E719208FBD00462855 /* StoreKit.framework in Frameworks */,
				AF91F4E519208FA400462855 /* MobileCoreServices.framework in Frameworks */,
				AF91F4E319208F9800462855 /* libz.dylib in Frameworks */,
				AF91F4E119208F7F00462855 /* CoreLocation.framework in Frameworks */,
				AF91F4DF19208F7200462855 /* CFNetwork.framework in Frameworks */,
				AFAAF5ED191ADEB100ABAB07 /* AudioToolbox.framework in Frameworks */,
				AFF7B2DB1918B98D00B8085C /* Security.framework in Frameworks */,
				AFF7B2D91918B98800B8085C /* QuartzCore.framework in Frameworks */,
				AFF7B2D71918B98300B8085C /* CoreText.framework in Frameworks */,
				AFC439E119170CD100726778 /* CoreGraphics.framework in Frameworks */,
				AFC439E319170CD100726778 /* UIKit.framework in Frameworks */,
				AFF7B2D31918B97200B8085C /* HockeySDK.framework in Frameworks */,
				AFC439E519170CD100726778 /* SpriteKit.framework in Frameworks */,
				AFC439DF19170CD100726778 /* Foundation.framework in Frameworks */,
				AF91F4DD19208F5400462855 /* Parse.framework in Frameworks */,
				AF57DDE71918A9A400674CD5 /* GameKit.framework in Frameworks */,
			);
			runOnlyForDeploymentPostprocessing = 0;
		};
		AFC43A0019170CD100726778 /* Frameworks */ = {
			isa = PBXFrameworksBuildPhase;
			buildActionMask = 2147483647;
			files = (
				AFC43A0519170CD100726778 /* XCTest.framework in Frameworks */,
				AFC43A0719170CD100726778 /* UIKit.framework in Frameworks */,
				AFC43A0619170CD100726778 /* Foundation.framework in Frameworks */,
			);
			runOnlyForDeploymentPostprocessing = 0;
		};
/* End PBXFrameworksBuildPhase section */

/* Begin PBXGroup section */
		AF57DDDD19189BDE00674CD5 /* Scenes */ = {
			isa = PBXGroup;
			children = (
				AFF7705419183602004E4AE5 /* MenuScene.h */,
				AFF7705519183602004E4AE5 /* MenuScene.m */,
				AFF7B2DE1918C75700B8085C /* InfinityGameScene.h */,
				AFF7B2DF1918C75700B8085C /* InfinityGameScene.m */,
				AF91969C191EC9CF007C71F6 /* ThirtyGameScene.h */,
				AF91969D191EC9CF007C71F6 /* ThirtyGameScene.m */,
			);
			name = Scenes;
			sourceTree = "<group>";
		};
		AF57DDDE19189BE500674CD5 /* Custom Subclasses */ = {
			isa = PBXGroup;
			children = (
				AF91F4F21920951900462855 /* DataManager.h */,
				AF91F4F31920951900462855 /* DataManager.m */,
				AFF77057191837C1004E4AE5 /* SKLabelButton.h */,
				AFF77058191837C1004E4AE5 /* SKLabelButton.m */,
				AFF7706019184B81004E4AE5 /* SKSpriteButton.h */,
				AFF7706119184B81004E4AE5 /* SKSpriteButton.m */,
				AFB6E31E1921E4C5008EE801 /* ThirtyScoreNode.h */,
				AFB6E31F1921E4C5008EE801 /* ThirtyScoreNode.m */,
				AFB6E3211921E4CE008EE801 /* InfinityScoreNode.h */,
				AFB6E3221921E4CE008EE801 /* InfinityScoreNode.m */,
			);
			name = "Custom Subclasses";
			sourceTree = "<group>";
		};
		AF57DDDF19189BFD00674CD5 /* App Delegate/Storyboad/etc... */ = {
			isa = PBXGroup;
			children = (
				AFC439EF19170CD100726778 /* AppDelegate.h */,
				AFC439F019170CD100726778 /* AppDelegate.m */,
				AFC439F219170CD100726778 /* Main.storyboard */,
				AFF7705A19183DFC004E4AE5 /* RootViewController.h */,
				AFF7705B19183DFC004E4AE5 /* RootViewController.m */,
				AF91F4E81920941A00462855 /* XCDataModel.xcdatamodeld */,
			);
			name = "App Delegate/Storyboad/etc...";
			sourceTree = "<group>";
		};
		AF57DDE019189C1700674CD5 /* Categories */ = {
			isa = PBXGroup;
			children = (
				AF57DDE119189C2800674CD5 /* NSDate+Utils.h */,
				AF57DDE219189C2800674CD5 /* NSDate+Utils.m */,
				AF7E0994191A047F00E0D808 /* UIColor+Extensions.h */,
				AF7E0995191A047F00E0D808 /* UIColor+Extensions.m */,
				AF91F4EF1920950000462855 /* User+Utils.h */,
				AF91F4F01920950000462855 /* User+Utils.m */,
			);
			name = Categories;
			sourceTree = "<group>";
		};
		AF91F4EB192094D300462855 /* NSManagedObjects */ = {
			isa = PBXGroup;
			children = (
				AF91F4EC192094E100462855 /* User.h */,
				AF91F4ED192094E100462855 /* User.m */,
			);
			name = NSManagedObjects;
			sourceTree = "<group>";
		};
		AFB6E31519219838008EE801 /* SpriteKit-Easing */ = {
			isa = PBXGroup;
			children = (
				AFB6E31619219838008EE801 /* easing.c */,
				AFB6E31719219838008EE801 /* easing.h */,
				AFB6E31819219838008EE801 /* EasingDeclarations.h */,
				AFB6E31919219838008EE801 /* SKEase.h */,
				AFB6E31A19219838008EE801 /* SKEase.m */,
				AFB6E31B19219838008EE801 /* SpriteKit-Easing-Prefix.pch */,
			);
			path = "SpriteKit-Easing";
			sourceTree = "<group>";
		};
		AFC439D219170CD100726778 = {
			isa = PBXGroup;
			children = (
				AFC439E619170CD100726778 /* GasGuzzler */,
				AFC43A0A19170CD100726778 /* GasGuzzlerTests */,
				AFC439DD19170CD100726778 /* Frameworks */,
				AFC439DC19170CD100726778 /* Products */,
			);
			sourceTree = "<group>";
		};
		AFC439DC19170CD100726778 /* Products */ = {
			isa = PBXGroup;
			children = (
				AFC439DB19170CD100726778 /* GasGuzzler.app */,
				AFC43A0319170CD100726778 /* GasGuzzlerTests.xctest */,
			);
			name = Products;
			sourceTree = "<group>";
		};
		AFC439DD19170CD100726778 /* Frameworks */ = {
			isa = PBXGroup;
			children = (
				AF6743B41976076200723B27 /* MessageUI.framework */,
				AF6743B21976075A00723B27 /* CoreTelephony.framework */,
				AF6743B01976074F00723B27 /* AVFoundation.framework */,
				AF6743AE1976074400723B27 /* AdSupport.framework */,
				AF6743741976018B00723B27 /* iAd.framework */,
				AF91F4E619208FBD00462855 /* StoreKit.framework */,
				AF91F4E419208FA400462855 /* MobileCoreServices.framework */,
				AF91F4E219208F9800462855 /* libz.dylib */,
				AF91F4E019208F7F00462855 /* CoreLocation.framework */,
				AF91F4DE19208F7200462855 /* CFNetwork.framework */,
				AF91F4DC19208F5400462855 /* Parse.framework */,
				AFAAF5EC191ADEB100ABAB07 /* AudioToolbox.framework */,
				AFF7B2DC1918B99200B8085C /* SystemConfiguration.framework */,
				AFF7B2DA1918B98D00B8085C /* Security.framework */,
				AFF7B2D81918B98800B8085C /* QuartzCore.framework */,
				AFF7B2D61918B98300B8085C /* CoreText.framework */,
				AFF7B2CE1918B97200B8085C /* HockeySDK.embeddedframework */,
				AF57DDE61918A9A400674CD5 /* GameKit.framework */,
				AFC439DE19170CD100726778 /* Foundation.framework */,
				AFC439E019170CD100726778 /* CoreGraphics.framework */,
				AFC439E219170CD100726778 /* UIKit.framework */,
				AFC439E419170CD100726778 /* SpriteKit.framework */,
				AFC43A0419170CD100726778 /* XCTest.framework */,
			);
			name = Frameworks;
			sourceTree = "<group>";
		};
		AFC439E619170CD100726778 /* GasGuzzler */ = {
			isa = PBXGroup;
			children = (
				AFB6E31519219838008EE801 /* SpriteKit-Easing */,
				AF91F4EB192094D300462855 /* NSManagedObjects */,
				AF57DDE019189C1700674CD5 /* Categories */,
				AF57DDDF19189BFD00674CD5 /* App Delegate/Storyboad/etc... */,
				AF57DDDE19189BE500674CD5 /* Custom Subclasses */,
				AF57DDDD19189BDE00674CD5 /* Scenes */,
				AFC439FD19170CD100726778 /* Images.xcassets */,
				AFC43A1A19170EC500726778 /* Resources */,
				AFC439E719170CD100726778 /* Supporting Files */,
			);
			path = GasGuzzler;
			sourceTree = "<group>";
		};
		AFC439E719170CD100726778 /* Supporting Files */ = {
			isa = PBXGroup;
			children = (
				AFC439E819170CD100726778 /* GasGuzzler-Info.plist */,
				AFC439E919170CD100726778 /* InfoPlist.strings */,
				AFC439EC19170CD100726778 /* main.m */,
				AFC439EE19170CD100726778 /* GasGuzzler-Prefix.pch */,
			);
			name = "Supporting Files";
			sourceTree = "<group>";
		};
		AFC43A0A19170CD100726778 /* GasGuzzlerTests */ = {
			isa = PBXGroup;
			children = (
				AFC43A1019170CD100726778 /* GasGuzzlerTests.m */,
				AFC43A0B19170CD100726778 /* Supporting Files */,
			);
			path = GasGuzzlerTests;
			sourceTree = "<group>";
		};
		AFC43A0B19170CD100726778 /* Supporting Files */ = {
			isa = PBXGroup;
			children = (
				AFC43A0C19170CD100726778 /* GasGuzzlerTests-Info.plist */,
				AFC43A0D19170CD100726778 /* InfoPlist.strings */,
			);
			name = "Supporting Files";
			sourceTree = "<group>";
		};
		AFC43A1A19170EC500726778 /* Resources */ = {
			isa = PBXGroup;
			children = (
				AFC43A1B19170ECE00726778 /* Fonts */,
			);
			name = Resources;
			sourceTree = "<group>";
		};
		AFC43A1B19170ECE00726778 /* Fonts */ = {
			isa = PBXGroup;
			children = (
				AFF7705219183551004E4AE5 /* american_captain.ttf */,
				AFC43A1C19170ED500726778 /* calculator.ttf */,
			);
			name = Fonts;
			sourceTree = "<group>";
		};
		AFF7B2CE1918B97200B8085C /* HockeySDK.embeddedframework */ = {
			isa = PBXGroup;
			children = (
				AFF7B2CF1918B97200B8085C /* HockeySDK.framework */,
				AFF7B2D01918B97200B8085C /* Resources */,
			);
			name = HockeySDK.embeddedframework;
			path = "HockeySDK-iOS/HockeySDK.embeddedframework";
			sourceTree = "<group>";
		};
		AFF7B2D01918B97200B8085C /* Resources */ = {
			isa = PBXGroup;
			children = (
				AFF7B2D11918B97200B8085C /* HockeySDK.xcconfig */,
				AFF7B2D21918B97200B8085C /* HockeySDKResources.bundle */,
			);
			path = Resources;
			sourceTree = "<group>";
		};
/* End PBXGroup section */

/* Begin PBXNativeTarget section */
		AFC439DA19170CD100726778 /* GasGuzzler */ = {
			isa = PBXNativeTarget;
			buildConfigurationList = AFC43A1419170CD100726778 /* Build configuration list for PBXNativeTarget "GasGuzzler" */;
			buildPhases = (
				AFC439D719170CD100726778 /* Sources */,
				AFC439D819170CD100726778 /* Frameworks */,
				AFC439D919170CD100726778 /* Resources */,
				AFF7B2CD1918B92D00B8085C /* ShellScript */,
			);
			buildRules = (
			);
			dependencies = (
			);
			name = GasGuzzler;
			productName = GasGuzzler;
			productReference = AFC439DB19170CD100726778 /* GasGuzzler.app */;
			productType = "com.apple.product-type.application";
		};
		AFC43A0219170CD100726778 /* GasGuzzlerTests */ = {
			isa = PBXNativeTarget;
			buildConfigurationList = AFC43A1719170CD100726778 /* Build configuration list for PBXNativeTarget "GasGuzzlerTests" */;
			buildPhases = (
				AFC439FF19170CD100726778 /* Sources */,
				AFC43A0019170CD100726778 /* Frameworks */,
				AFC43A0119170CD100726778 /* Resources */,
			);
			buildRules = (
			);
			dependencies = (
				AFC43A0919170CD100726778 /* PBXTargetDependency */,
			);
			name = GasGuzzlerTests;
			productName = GasGuzzlerTests;
			productReference = AFC43A0319170CD100726778 /* GasGuzzlerTests.xctest */;
			productType = "com.apple.product-type.bundle.unit-test";
		};
/* End PBXNativeTarget section */

/* Begin PBXProject section */
		AFC439D319170CD100726778 /* Project object */ = {
			isa = PBXProject;
			attributes = {
				LastUpgradeCheck = 0510;
				ORGANIZATIONNAME = "Raymond kennedy";
				TargetAttributes = {
					AFC439DA19170CD100726778 = {
						DevelopmentTeam = Y6FLUCNFEW;
						SystemCapabilities = {
							com.apple.GameCenter = {
								enabled = 1;
							};
						};
					};
					AFC43A0219170CD100726778 = {
						TestTargetID = AFC439DA19170CD100726778;
					};
				};
			};
			buildConfigurationList = AFC439D619170CD100726778 /* Build configuration list for PBXProject "GasGuzzler" */;
			compatibilityVersion = "Xcode 3.2";
			developmentRegion = English;
			hasScannedForEncodings = 0;
			knownRegions = (
				en,
				Base,
			);
			mainGroup = AFC439D219170CD100726778;
			productRefGroup = AFC439DC19170CD100726778 /* Products */;
			projectDirPath = "";
			projectRoot = "";
			targets = (
				AFC439DA19170CD100726778 /* GasGuzzler */,
				AFC43A0219170CD100726778 /* GasGuzzlerTests */,
			);
		};
/* End PBXProject section */

/* Begin PBXResourcesBuildPhase section */
		AFC439D919170CD100726778 /* Resources */ = {
			isa = PBXResourcesBuildPhase;
			buildActionMask = 2147483647;
			files = (
				AFF7B2D41918B97200B8085C /* HockeySDK.xcconfig in Resources */,
				AFC439EB19170CD100726778 /* InfoPlist.strings in Resources */,
				AFF7B2D51918B97200B8085C /* HockeySDKResources.bundle in Resources */,
				AFC439FE19170CD100726778 /* Images.xcassets in Resources */,
				AFF7705319183551004E4AE5 /* american_captain.ttf in Resources */,
				AFC43A1D19170ED500726778 /* calculator.ttf in Resources */,
				AFC439F419170CD100726778 /* Main.storyboard in Resources */,
			);
			runOnlyForDeploymentPostprocessing = 0;
		};
		AFC43A0119170CD100726778 /* Resources */ = {
			isa = PBXResourcesBuildPhase;
			buildActionMask = 2147483647;
			files = (
				AFC43A0F19170CD100726778 /* InfoPlist.strings in Resources */,
			);
			runOnlyForDeploymentPostprocessing = 0;
		};
/* End PBXResourcesBuildPhase section */

/* Begin PBXShellScriptBuildPhase section */
		AFF7B2CD1918B92D00B8085C /* ShellScript */ = {
			isa = PBXShellScriptBuildPhase;
			buildActionMask = 2147483647;
			files = (
			);
			inputPaths = (
			);
			outputPaths = (
			);
			runOnlyForDeploymentPostprocessing = 0;
			shellPath = /bin/sh;
			shellScript = "FILE=\"${SRCROOT}/HockeySDK-iOS/BuildAgent\"\nif [ -f \"$FILE\" ]; then\n\"$FILE\"\nfi";
		};
/* End PBXShellScriptBuildPhase section */

/* Begin PBXSourcesBuildPhase section */
		AFC439D719170CD100726778 /* Sources */ = {
			isa = PBXSourcesBuildPhase;
			buildActionMask = 2147483647;
			files = (
				AFB6E31D19219838008EE801 /* SKEase.m in Sources */,
				AFB6E31C19219838008EE801 /* easing.c in Sources */,
				AFB6E3201921E4C5008EE801 /* ThirtyScoreNode.m in Sources */,
				AFF77059191837C1004E4AE5 /* SKLabelButton.m in Sources */,
				AFF7B2E01918C75700B8085C /* InfinityGameScene.m in Sources */,
				AFF7706219184B81004E4AE5 /* SKSpriteButton.m in Sources */,
				AFF7705C19183DFC004E4AE5 /* RootViewController.m in Sources */,
				AFB6E3231921E4CE008EE801 /* InfinityScoreNode.m in Sources */,
				AF91969E191EC9CF007C71F6 /* ThirtyGameScene.m in Sources */,
				AFF7705619183602004E4AE5 /* MenuScene.m in Sources */,
				AF91F4F11920950000462855 /* User+Utils.m in Sources */,
				AF7E0996191A047F00E0D808 /* UIColor+Extensions.m in Sources */,
				AF91F4EA1920941A00462855 /* XCDataModel.xcdatamodeld in Sources */,
				AF91F4F41920951900462855 /* DataManager.m in Sources */,
				AF91F4EE192094E100462855 /* User.m in Sources */,
				AF57DDE319189C2800674CD5 /* NSDate+Utils.m in Sources */,
				AFC439F119170CD100726778 /* AppDelegate.m in Sources */,
				AFC439ED19170CD100726778 /* main.m in Sources */,
			);
			runOnlyForDeploymentPostprocessing = 0;
		};
		AFC439FF19170CD100726778 /* Sources */ = {
			isa = PBXSourcesBuildPhase;
			buildActionMask = 2147483647;
			files = (
				AFC43A1119170CD100726778 /* GasGuzzlerTests.m in Sources */,
			);
			runOnlyForDeploymentPostprocessing = 0;
		};
/* End PBXSourcesBuildPhase section */

/* Begin PBXTargetDependency section */
		AFC43A0919170CD100726778 /* PBXTargetDependency */ = {
			isa = PBXTargetDependency;
			target = AFC439DA19170CD100726778 /* GasGuzzler */;
			targetProxy = AFC43A0819170CD100726778 /* PBXContainerItemProxy */;
		};
/* End PBXTargetDependency section */

/* Begin PBXVariantGroup section */
		AFC439E919170CD100726778 /* InfoPlist.strings */ = {
			isa = PBXVariantGroup;
			children = (
				AFC439EA19170CD100726778 /* en */,
			);
			name = InfoPlist.strings;
			sourceTree = "<group>";
		};
		AFC439F219170CD100726778 /* Main.storyboard */ = {
			isa = PBXVariantGroup;
			children = (
				AFC439F319170CD100726778 /* Base */,
			);
			name = Main.storyboard;
			sourceTree = "<group>";
		};
		AFC43A0D19170CD100726778 /* InfoPlist.strings */ = {
			isa = PBXVariantGroup;
			children = (
				AFC43A0E19170CD100726778 /* en */,
			);
			name = InfoPlist.strings;
			sourceTree = "<group>";
		};
/* End PBXVariantGroup section */

/* Begin XCBuildConfiguration section */
		AFC43A1219170CD100726778 /* Debug */ = {
			isa = XCBuildConfiguration;
			buildSettings = {
				ALWAYS_SEARCH_USER_PATHS = NO;
				CLANG_CXX_LANGUAGE_STANDARD = "gnu++0x";
				CLANG_CXX_LIBRARY = "libc++";
				CLANG_ENABLE_MODULES = YES;
				CLANG_ENABLE_OBJC_ARC = YES;
				CLANG_WARN_BOOL_CONVERSION = YES;
				CLANG_WARN_CONSTANT_CONVERSION = YES;
				CLANG_WARN_DIRECT_OBJC_ISA_USAGE = YES_ERROR;
				CLANG_WARN_EMPTY_BODY = YES;
				CLANG_WARN_ENUM_CONVERSION = YES;
				CLANG_WARN_INT_CONVERSION = YES;
				CLANG_WARN_OBJC_ROOT_CLASS = YES_ERROR;
				CLANG_WARN__DUPLICATE_METHOD_MATCH = YES;
				"CODE_SIGN_IDENTITY[sdk=iphoneos*]" = "iPhone Developer";
				COPY_PHASE_STRIP = NO;
				GCC_C_LANGUAGE_STANDARD = gnu99;
				GCC_DYNAMIC_NO_PIC = NO;
				GCC_OPTIMIZATION_LEVEL = 0;
				GCC_PREPROCESSOR_DEFINITIONS = (
					"DEBUG=1",
					"$(inherited)",
				);
				GCC_SYMBOLS_PRIVATE_EXTERN = NO;
				GCC_WARN_64_TO_32_BIT_CONVERSION = YES;
				GCC_WARN_ABOUT_RETURN_TYPE = YES_ERROR;
				GCC_WARN_UNDECLARED_SELECTOR = YES;
				GCC_WARN_UNINITIALIZED_AUTOS = YES_AGGRESSIVE;
				GCC_WARN_UNUSED_FUNCTION = YES;
				GCC_WARN_UNUSED_VARIABLE = YES;
				IPHONEOS_DEPLOYMENT_TARGET = 7.1;
				ONLY_ACTIVE_ARCH = YES;
				SDKROOT = iphoneos;
			};
			name = Debug;
		};
		AFC43A1319170CD100726778 /* Release */ = {
			isa = XCBuildConfiguration;
			buildSettings = {
				ALWAYS_SEARCH_USER_PATHS = NO;
				CLANG_CXX_LANGUAGE_STANDARD = "gnu++0x";
				CLANG_CXX_LIBRARY = "libc++";
				CLANG_ENABLE_MODULES = YES;
				CLANG_ENABLE_OBJC_ARC = YES;
				CLANG_WARN_BOOL_CONVERSION = YES;
				CLANG_WARN_CONSTANT_CONVERSION = YES;
				CLANG_WARN_DIRECT_OBJC_ISA_USAGE = YES_ERROR;
				CLANG_WARN_EMPTY_BODY = YES;
				CLANG_WARN_ENUM_CONVERSION = YES;
				CLANG_WARN_INT_CONVERSION = YES;
				CLANG_WARN_OBJC_ROOT_CLASS = YES_ERROR;
				CLANG_WARN__DUPLICATE_METHOD_MATCH = YES;
				"CODE_SIGN_IDENTITY[sdk=iphoneos*]" = "iPhone Developer";
				COPY_PHASE_STRIP = YES;
				ENABLE_NS_ASSERTIONS = NO;
				GCC_C_LANGUAGE_STANDARD = gnu99;
				GCC_WARN_64_TO_32_BIT_CONVERSION = YES;
				GCC_WARN_ABOUT_RETURN_TYPE = YES_ERROR;
				GCC_WARN_UNDECLARED_SELECTOR = YES;
				GCC_WARN_UNINITIALIZED_AUTOS = YES_AGGRESSIVE;
				GCC_WARN_UNUSED_FUNCTION = YES;
				GCC_WARN_UNUSED_VARIABLE = YES;
				IPHONEOS_DEPLOYMENT_TARGET = 7.1;
				SDKROOT = iphoneos;
				VALIDATE_PRODUCT = YES;
			};
			name = Release;
		};
		AFC43A1519170CD100726778 /* Debug */ = {
			isa = XCBuildConfiguration;
			buildSettings = {
				ASSETCATALOG_COMPILER_APPICON_NAME = AppIcon;
				ASSETCATALOG_COMPILER_LAUNCHIMAGE_NAME = LaunchImage;
				CODE_SIGN_IDENTITY = "iPhone Distribution: Randomay Designs (Y6FLUCNFEW)";
				"CODE_SIGN_IDENTITY[sdk=iphoneos*]" = "iPhone Distribution: Randomay Designs (Y6FLUCNFEW)";
				FRAMEWORK_SEARCH_PATHS = (
					"$(inherited)",
					"$(PROJECT_DIR)/HockeySDK-iOS/HockeySDK.embeddedframework",
					"$(PROJECT_DIR)",
				);
				GCC_PRECOMPILE_PREFIX_HEADER = YES;
				GCC_PREFIX_HEADER = "GasGuzzler/GasGuzzler-Prefix.pch";
				INFOPLIST_FILE = "GasGuzzler/GasGuzzler-Info.plist";
				LIBRARY_SEARCH_PATHS = (
					"$(inherited)",
					"$(PROJECT_DIR)/GasGuzzler",
				);
				OTHER_LDFLAGS = "";
				PRODUCT_NAME = "$(TARGET_NAME)";
				PROVISIONING_PROFILE = "";
				SPRITEKIT_TEXTURE_ATLAS_OUTPUT = YES;
				WRAPPER_EXTENSION = app;
			};
			name = Debug;
		};
		AFC43A1619170CD100726778 /* Release */ = {
			isa = XCBuildConfiguration;
			buildSettings = {
				ASSETCATALOG_COMPILER_APPICON_NAME = AppIcon;
				ASSETCATALOG_COMPILER_LAUNCHIMAGE_NAME = LaunchImage;
				CODE_SIGN_IDENTITY = "iPhone Distribution: Randomay Designs (Y6FLUCNFEW)";
				"CODE_SIGN_IDENTITY[sdk=iphoneos*]" = "iPhone Distribution: Randomay Designs (Y6FLUCNFEW)";
				FRAMEWORK_SEARCH_PATHS = (
					"$(inherited)",
					"$(PROJECT_DIR)/HockeySDK-iOS/HockeySDK.embeddedframework",
					"$(PROJECT_DIR)",
				);
				GCC_PRECOMPILE_PREFIX_HEADER = YES;
				GCC_PREFIX_HEADER = "GasGuzzler/GasGuzzler-Prefix.pch";
				INFOPLIST_FILE = "GasGuzzler/GasGuzzler-Info.plist";
				LIBRARY_SEARCH_PATHS = (
					"$(inherited)",
					"$(PROJECT_DIR)/GasGuzzler",
				);
				OTHER_LDFLAGS = "";
				PRODUCT_NAME = "$(TARGET_NAME)";
				PROVISIONING_PROFILE = "";
				SPRITEKIT_TEXTURE_ATLAS_OUTPUT = YES;
				WRAPPER_EXTENSION = app;
			};
			name = Release;
		};
		AFC43A1819170CD100726778 /* Debug */ = {
			isa = XCBuildConfiguration;
			buildSettings = {
				BUNDLE_LOADER = "$(BUILT_PRODUCTS_DIR)/GasGuzzler.app/GasGuzzler";
				FRAMEWORK_SEARCH_PATHS = (
					"$(SDKROOT)/Developer/Library/Frameworks",
					"$(inherited)",
					"$(DEVELOPER_FRAMEWORKS_DIR)",
				);
				GCC_PRECOMPILE_PREFIX_HEADER = YES;
				GCC_PREFIX_HEADER = "GasGuzzler/GasGuzzler-Prefix.pch";
				GCC_PREPROCESSOR_DEFINITIONS = (
					"DEBUG=1",
					"$(inherited)",
				);
				INFOPLIST_FILE = "GasGuzzlerTests/GasGuzzlerTests-Info.plist";
				LIBRARY_SEARCH_PATHS = (
					"$(inherited)",
					"$(PROJECT_DIR)/GasGuzzler",
				);
				PRODUCT_NAME = "$(TARGET_NAME)";
				TEST_HOST = "$(BUNDLE_LOADER)";
				WRAPPER_EXTENSION = xctest;
			};
			name = Debug;
		};
		AFC43A1919170CD100726778 /* Release */ = {
			isa = XCBuildConfiguration;
			buildSettings = {
				BUNDLE_LOADER = "$(BUILT_PRODUCTS_DIR)/GasGuzzler.app/GasGuzzler";
				FRAMEWORK_SEARCH_PATHS = (
					"$(SDKROOT)/Developer/Library/Frameworks",
					"$(inherited)",
					"$(DEVELOPER_FRAMEWORKS_DIR)",
				);
				GCC_PRECOMPILE_PREFIX_HEADER = YES;
				GCC_PREFIX_HEADER = "GasGuzzler/GasGuzzler-Prefix.pch";
				INFOPLIST_FILE = "GasGuzzlerTests/GasGuzzlerTests-Info.plist";
				LIBRARY_SEARCH_PATHS = (
					"$(inherited)",
					"$(PROJECT_DIR)/GasGuzzler",
				);
				PRODUCT_NAME = "$(TARGET_NAME)";
				TEST_HOST = "$(BUNDLE_LOADER)";
				WRAPPER_EXTENSION = xctest;
			};
			name = Release;
		};
/* End XCBuildConfiguration section */

/* Begin XCConfigurationList section */
		AFC439D619170CD100726778 /* Build configuration list for PBXProject "GasGuzzler" */ = {
			isa = XCConfigurationList;
			buildConfigurations = (
				AFC43A1219170CD100726778 /* Debug */,
				AFC43A1319170CD100726778 /* Release */,
			);
			defaultConfigurationIsVisible = 0;
			defaultConfigurationName = Release;
		};
		AFC43A1419170CD100726778 /* Build configuration list for PBXNativeTarget "GasGuzzler" */ = {
			isa = XCConfigurationList;
			buildConfigurations = (
				AFC43A1519170CD100726778 /* Debug */,
				AFC43A1619170CD100726778 /* Release */,
			);
			defaultConfigurationIsVisible = 0;
			defaultConfigurationName = Release;
		};
		AFC43A1719170CD100726778 /* Build configuration list for PBXNativeTarget "GasGuzzlerTests" */ = {
			isa = XCConfigurationList;
			buildConfigurations = (
				AFC43A1819170CD100726778 /* Debug */,
				AFC43A1919170CD100726778 /* Release */,
			);
			defaultConfigurationIsVisible = 0;
			defaultConfigurationName = Release;
		};
/* End XCConfigurationList section */

/* Begin XCVersionGroup section */
		AF91F4E81920941A00462855 /* XCDataModel.xcdatamodeld */ = {
			isa = XCVersionGroup;
			children = (
				AF91F4E91920941A00462855 /* XCDataModel.xcdatamodel */,
			);
			currentVersion = AF91F4E91920941A00462855 /* XCDataModel.xcdatamodel */;
			path = XCDataModel.xcdatamodeld;
			sourceTree = "<group>";
			versionGroupType = wrapper.xcdatamodel;
		};
/* End XCVersionGroup section */
	};
	rootObject = AFC439D319170CD100726778 /* Project object */;
}
